
Microsoft Visual Studio Solution File, Format Version 12.00
# Visual Studio Version 17
VisualStudioVersion = 17.5.002.0
MinimumVisualStudioVersion = 10.0.40219.1
Project("{2150E333-8FDC-42A3-9474-1A3956D46DE8}") = "sandbox", "sandbox", "{E516D274-2969-4E75-B16B-57EF860506DC}"
EndProject
Project("{9A19103F-16F7-4668-BE54-9A1E7A4F7556}") = "sandbox_project", "sandbox\sandbox_project\sandbox_project.csproj", "{8E11E8B7-97A9-49D6-A9A3-821A55258B0E}"
EndProject
Project("{2150E333-8FDC-42A3-9474-1A3956D46DE8}") = "week01", "week01", "{E84346C0-5425-4953-8E82-8188B0ED56F9}"
EndProject
Project("{9A19103F-16F7-4668-BE54-9A1E7A4F7556}") = "analyze", "week01\analyze\analyze.csproj", "{B5A11408-0204-4A12-B68B-F83986A4014A}"
EndProject
Project("{9A19103F-16F7-4668-BE54-9A1E7A4F7556}") = "code", "week01\code\code.csproj", "{07D57505-5EA5-4EA8-ABFA-57EAE91F885D}"
EndProject
Project("{9A19103F-16F7-4668-BE54-9A1E7A4F7556}") = "teach", "week01\teach\teach.csproj", "{80FC09C1-FA37-49E1-ADA7-D90F03066BE9}"
EndProject
Project("{2150E333-8FDC-42A3-9474-1A3956D46DE8}") = "week02", "week02", "{5455B6E3-4461-44D3-AD86-998C807ADFF1}"
EndProject
Project("{9A19103F-16F7-4668-BE54-9A1E7A4F7556}") = "analyze", "week02\analyze\analyze.csproj", "{643BE5A8-9485-4FB7-AD5A-FE42D570C39D}"
EndProject
Project("{9A19103F-16F7-4668-BE54-9A1E7A4F7556}") = "code", "week02\code\code.csproj", "{347FA668-C8C7-4BCC-829B-B9EDA697B2DC}"
EndProject
Project("{9A19103F-16F7-4668-BE54-9A1E7A4F7556}") = "learn", "week02\learn\learn.csproj", "{2B8684D0-1A9B-4FC5-843C-EEA9B41DD36E}"
EndProject
Project("{9A19103F-16F7-4668-BE54-9A1E7A4F7556}") = "teach", "week02\teach\teach.csproj", "{1DF6BDF5-1840-4D9B-9753-16CFDF5D3D82}"
EndProject
Project("{2150E333-8FDC-42A3-9474-1A3956D46DE8}") = "week03", "week03", "{6A9B7602-4EB5-4A72-A646-D3A75ECCA621}"
EndProject
Project("{9A19103F-16F7-4668-BE54-9A1E7A4F7556}") = "code", "week03\code\code.csproj", "{68D1F54A-AB70-4AF3-99A5-3D5D239064AF}"
EndProject
Project("{9A19103F-16F7-4668-BE54-9A1E7A4F7556}") = "learn", "week03\learn\learn.csproj", "{633063B0-DD8B-4DB4-B4C7-AD2BBFC9089A}"
EndProject
Project("{9A19103F-16F7-4668-BE54-9A1E7A4F7556}") = "teach", "week03\teach\teach.csproj", "{EB934A8A-2423-4C34-818E-E14D60A7AE9F}"
EndProject
Project("{2150E333-8FDC-42A3-9474-1A3956D46DE8}") = "week04", "week04", "{C36CA6B2-1A68-45C4-8DB9-0D9DDAF89544}"
EndProject
Project("{9A19103F-16F7-4668-BE54-9A1E7A4F7556}") = "code", "week04\code\code.csproj", "{2679F458-6EF8-4682-91DB-2FDA8A8FF17C}"
EndProject
Project("{2150E333-8FDC-42A3-9474-1A3956D46DE8}") = "week05", "week05", "{D81245C3-7B11-474F-A926-1BFBAB3D238F}"
EndProject
Project("{9A19103F-16F7-4668-BE54-9A1E7A4F7556}") = "code", "week05\code\code.csproj", "{1F06EFCF-C9A3-4D53-B274-9F0E2F0E50D2}"
EndProject
Project("{2150E333-8FDC-42A3-9474-1A3956D46DE8}") = "week06", "week06", "{2858A8CC-393D-4624-8CF1-898547C903D8}"
EndProject
Project("{9A19103F-16F7-4668-BE54-9A1E7A4F7556}") = "code", "week06\code\code.csproj", "{8FA07EEA-CB5A-4EE6-A782-BC0A51C0816C}"
EndProject
Global
	GlobalSection(SolutionConfigurationPlatforms) = preSolution
		Debug|Any CPU = Debug|Any CPU
		Release|Any CPU = Release|Any CPU
	EndGlobalSection
	GlobalSection(ProjectConfigurationPlatforms) = postSolution
		{8E11E8B7-97A9-49D6-A9A3-821A55258B0E}.Debug|Any CPU.ActiveCfg = Debug|Any CPU
		{8E11E8B7-97A9-49D6-A9A3-821A55258B0E}.Debug|Any CPU.Build.0 = Debug|Any CPU
		{8E11E8B7-97A9-49D6-A9A3-821A55258B0E}.Release|Any CPU.ActiveCfg = Release|Any CPU
		{8E11E8B7-97A9-49D6-A9A3-821A55258B0E}.Release|Any CPU.Build.0 = Release|Any CPU
		{B5A11408-0204-4A12-B68B-F83986A4014A}.Debug|Any CPU.ActiveCfg = Debug|Any CPU
		{B5A11408-0204-4A12-B68B-F83986A4014A}.Debug|Any CPU.Build.0 = Debug|Any CPU
		{B5A11408-0204-4A12-B68B-F83986A4014A}.Release|Any CPU.ActiveCfg = Release|Any CPU
		{B5A11408-0204-4A12-B68B-F83986A4014A}.Release|Any CPU.Build.0 = Release|Any CPU
		{07D57505-5EA5-4EA8-ABFA-57EAE91F885D}.Debug|Any CPU.ActiveCfg = Debug|Any CPU
		{07D57505-5EA5-4EA8-ABFA-57EAE91F885D}.Debug|Any CPU.Build.0 = Debug|Any CPU
		{07D57505-5EA5-4EA8-ABFA-57EAE91F885D}.Release|Any CPU.ActiveCfg = Release|Any CPU
		{07D57505-5EA5-4EA8-ABFA-57EAE91F885D}.Release|Any CPU.Build.0 = Release|Any CPU
		{80FC09C1-FA37-49E1-ADA7-D90F03066BE9}.Debug|Any CPU.ActiveCfg = Debug|Any CPU
		{80FC09C1-FA37-49E1-ADA7-D90F03066BE9}.Debug|Any CPU.Build.0 = Debug|Any CPU
		{80FC09C1-FA37-49E1-ADA7-D90F03066BE9}.Release|Any CPU.ActiveCfg = Release|Any CPU
		{80FC09C1-FA37-49E1-ADA7-D90F03066BE9}.Release|Any CPU.Build.0 = Release|Any CPU
		{643BE5A8-9485-4FB7-AD5A-FE42D570C39D}.Debug|Any CPU.ActiveCfg = Debug|Any CPU
		{643BE5A8-9485-4FB7-AD5A-FE42D570C39D}.Debug|Any CPU.Build.0 = Debug|Any CPU
		{643BE5A8-9485-4FB7-AD5A-FE42D570C39D}.Release|Any CPU.ActiveCfg = Release|Any CPU
		{643BE5A8-9485-4FB7-AD5A-FE42D570C39D}.Release|Any CPU.Build.0 = Release|Any CPU
		{347FA668-C8C7-4BCC-829B-B9EDA697B2DC}.Debug|Any CPU.ActiveCfg = Debug|Any CPU
		{347FA668-C8C7-4BCC-829B-B9EDA697B2DC}.Debug|Any CPU.Build.0 = Debug|Any CPU
		{347FA668-C8C7-4BCC-829B-B9EDA697B2DC}.Release|Any CPU.ActiveCfg = Release|Any CPU
		{347FA668-C8C7-4BCC-829B-B9EDA697B2DC}.Release|Any CPU.Build.0 = Release|Any CPU
		{2B8684D0-1A9B-4FC5-843C-EEA9B41DD36E}.Debug|Any CPU.ActiveCfg = Debug|Any CPU
		{2B8684D0-1A9B-4FC5-843C-EEA9B41DD36E}.Debug|Any CPU.Build.0 = Debug|Any CPU
		{2B8684D0-1A9B-4FC5-843C-EEA9B41DD36E}.Release|Any CPU.ActiveCfg = Release|Any CPU
		{2B8684D0-1A9B-4FC5-843C-EEA9B41DD36E}.Release|Any CPU.Build.0 = Release|Any CPU
		{1DF6BDF5-1840-4D9B-9753-16CFDF5D3D82}.Debug|Any CPU.ActiveCfg = Debug|Any CPU
		{1DF6BDF5-1840-4D9B-9753-16CFDF5D3D82}.Debug|Any CPU.Build.0 = Debug|Any CPU
		{1DF6BDF5-1840-4D9B-9753-16CFDF5D3D82}.Release|Any CPU.ActiveCfg = Release|Any CPU
		{1DF6BDF5-1840-4D9B-9753-16CFDF5D3D82}.Release|Any CPU.Build.0 = Release|Any CPU
		{68D1F54A-AB70-4AF3-99A5-3D5D239064AF}.Debug|Any CPU.ActiveCfg = Debug|Any CPU
		{68D1F54A-AB70-4AF3-99A5-3D5D239064AF}.Debug|Any CPU.Build.0 = Debug|Any CPU
		{68D1F54A-AB70-4AF3-99A5-3D5D239064AF}.Release|Any CPU.ActiveCfg = Release|Any CPU
		{68D1F54A-AB70-4AF3-99A5-3D5D239064AF}.Release|Any CPU.Build.0 = Release|Any CPU
		{633063B0-DD8B-4DB4-B4C7-AD2BBFC9089A}.Debug|Any CPU.ActiveCfg = Debug|Any CPU
		{633063B0-DD8B-4DB4-B4C7-AD2BBFC9089A}.Debug|Any CPU.Build.0 = Debug|Any CPU
		{633063B0-DD8B-4DB4-B4C7-AD2BBFC9089A}.Release|Any CPU.ActiveCfg = Release|Any CPU
		{633063B0-DD8B-4DB4-B4C7-AD2BBFC9089A}.Release|Any CPU.Build.0 = Release|Any CPU
		{EB934A8A-2423-4C34-818E-E14D60A7AE9F}.Debug|Any CPU.ActiveCfg = Debug|Any CPU
		{EB934A8A-2423-4C34-818E-E14D60A7AE9F}.Debug|Any CPU.Build.0 = Debug|Any CPU
		{EB934A8A-2423-4C34-818E-E14D60A7AE9F}.Release|Any CPU.ActiveCfg = Release|Any CPU
		{EB934A8A-2423-4C34-818E-E14D60A7AE9F}.Release|Any CPU.Build.0 = Release|Any CPU
		{2679F458-6EF8-4682-91DB-2FDA8A8FF17C}.Debug|Any CPU.ActiveCfg = Debug|Any CPU
		{2679F458-6EF8-4682-91DB-2FDA8A8FF17C}.Debug|Any CPU.Build.0 = Debug|Any CPU
		{2679F458-6EF8-4682-91DB-2FDA8A8FF17C}.Release|Any CPU.ActiveCfg = Release|Any CPU
		{2679F458-6EF8-4682-91DB-2FDA8A8FF17C}.Release|Any CPU.Build.0 = Release|Any CPU
		{1F06EFCF-C9A3-4D53-B274-9F0E2F0E50D2}.Debug|Any CPU.ActiveCfg = Debug|Any CPU
		{1F06EFCF-C9A3-4D53-B274-9F0E2F0E50D2}.Debug|Any CPU.Build.0 = Debug|Any CPU
		{1F06EFCF-C9A3-4D53-B274-9F0E2F0E50D2}.Release|Any CPU.ActiveCfg = Release|Any CPU
		{1F06EFCF-C9A3-4D53-B274-9F0E2F0E50D2}.Release|Any CPU.Build.0 = Release|Any CPU
		{8FA07EEA-CB5A-4EE6-A782-BC0A51C0816C}.Debug|Any CPU.ActiveCfg = Debug|Any CPU
		{8FA07EEA-CB5A-4EE6-A782-BC0A51C0816C}.Debug|Any CPU.Build.0 = Debug|Any CPU
		{8FA07EEA-CB5A-4EE6-A782-BC0A51C0816C}.Release|Any CPU.ActiveCfg = Release|Any CPU
		{8FA07EEA-CB5A-4EE6-A782-BC0A51C0816C}.Release|Any CPU.Build.0 = Release|Any CPU
	EndGlobalSection
	GlobalSection(SolutionProperties) = preSolution
		HideSolutionNode = FALSE
	EndGlobalSection
	GlobalSection(NestedProjects) = preSolution
		{8E11E8B7-97A9-49D6-A9A3-821A55258B0E} = {E516D274-2969-4E75-B16B-57EF860506DC}
		{B5A11408-0204-4A12-B68B-F83986A4014A} = {E84346C0-5425-4953-8E82-8188B0ED56F9}
		{07D57505-5EA5-4EA8-ABFA-57EAE91F885D} = {E84346C0-5425-4953-8E82-8188B0ED56F9}
		{80FC09C1-FA37-49E1-ADA7-D90F03066BE9} = {E84346C0-5425-4953-8E82-8188B0ED56F9}
		{643BE5A8-9485-4FB7-AD5A-FE42D570C39D} = {5455B6E3-4461-44D3-AD86-998C807ADFF1}
		{347FA668-C8C7-4BCC-829B-B9EDA697B2DC} = {5455B6E3-4461-44D3-AD86-998C807ADFF1}
		{2B8684D0-1A9B-4FC5-843C-EEA9B41DD36E} = {5455B6E3-4461-44D3-AD86-998C807ADFF1}
		{1DF6BDF5-1840-4D9B-9753-16CFDF5D3D82} = {5455B6E3-4461-44D3-AD86-998C807ADFF1}
		{68D1F54A-AB70-4AF3-99A5-3D5D239064AF} = {6A9B7602-4EB5-4A72-A646-D3A75ECCA621}
		{633063B0-DD8B-4DB4-B4C7-AD2BBFC9089A} = {6A9B7602-4EB5-4A72-A646-D3A75ECCA621}
		{EB934A8A-2423-4C34-818E-E14D60A7AE9F} = {6A9B7602-4EB5-4A72-A646-D3A75ECCA621}
		{2679F458-6EF8-4682-91DB-2FDA8A8FF17C} = {C36CA6B2-1A68-45C4-8DB9-0D9DDAF89544}
		{1F06EFCF-C9A3-4D53-B274-9F0E2F0E50D2} = {D81245C3-7B11-474F-A926-1BFBAB3D238F}
		{8FA07EEA-CB5A-4EE6-A782-BC0A51C0816C} = {2858A8CC-393D-4624-8CF1-898547C903D8}
	EndGlobalSection
	GlobalSection(ExtensibilityGlobals) = postSolution
		SolutionGuid = {04DB0D09-E325-4D57-AEFB-0B0DF5214107}
	EndGlobalSection
EndGlobal
