
Microsoft Visual Studio Solution File, Format Version 12.00
# Visual Studio Version 17
VisualStudioVersion = 17.5.002.0
MinimumVisualStudioVersion = 10.0.40219.1
Project("{2150E333-8FDC-42A3-9474-1A3956D46DE8}") = "sandbox", "sandbox", "{D6E539B4-A955-4608-B0E6-F17588FA12F6}"
EndProject
Project("{9A19103F-16F7-4668-BE54-9A1E7A4F7556}") = "sandbox_project", "sandbox\sandbox_project\sandbox_project.csproj", "{85FC8B4D-CBA6-41F8-B3E6-0BC1F872B75D}"
EndProject
Project("{2150E333-8FDC-42A3-9474-1A3956D46DE8}") = "week01", "week01", "{9DC5E8E2-CAD0-43C3-83A9-F0A7DDBB1F17}"
EndProject
Project("{9A19103F-16F7-4668-BE54-9A1E7A4F7556}") = "analyze", "week01\analyze\analyze.csproj", "{DCD038F9-5164-4772-84B7-F67A2B0B7161}"
EndProject
Project("{9A19103F-16F7-4668-BE54-9A1E7A4F7556}") = "code", "week01\code\code.csproj", "{5533AE14-6C0E-4D07-B64E-4C980BE83E6E}"
EndProject
Project("{9A19103F-16F7-4668-BE54-9A1E7A4F7556}") = "teach", "week01\teach\teach.csproj", "{693EC423-F5DF-47BF-A0F6-46F13EA999FD}"
EndProject
Project("{2150E333-8FDC-42A3-9474-1A3956D46DE8}") = "week02", "week02", "{D82F9966-A9E2-4803-A433-226446610BB7}"
EndProject
Project("{9A19103F-16F7-4668-BE54-9A1E7A4F7556}") = "analyze", "week02\analyze\analyze.csproj", "{4787A004-9BAF-4853-BC85-C68BA18D07BC}"
EndProject
Project("{9A19103F-16F7-4668-BE54-9A1E7A4F7556}") = "code", "week02\code\code.csproj", "{0A1D1199-FEA4-4CA5-A073-2AFDA380F65C}"
EndProject
Project("{9A19103F-16F7-4668-BE54-9A1E7A4F7556}") = "learn", "week02\learn\learn.csproj", "{042369CB-5F8A-4D77-AB1C-E7CE9C238E15}"
EndProject
Project("{9A19103F-16F7-4668-BE54-9A1E7A4F7556}") = "teach", "week02\teach\teach.csproj", "{07FE66BF-5345-495A-8FD9-8F064E873503}"
EndProject
Project("{2150E333-8FDC-42A3-9474-1A3956D46DE8}") = "week03", "week03", "{137AF7CF-3E90-4414-89FE-D33ACAAFEF0B}"
EndProject
Project("{9A19103F-16F7-4668-BE54-9A1E7A4F7556}") = "code", "week03\code\code.csproj", "{3B3CEAFA-1047-4494-AFD9-A430F7181EB9}"
EndProject
Project("{9A19103F-16F7-4668-BE54-9A1E7A4F7556}") = "learn", "week03\learn\learn.csproj", "{02F14E71-52D3-48B7-8AA3-D06452737CEB}"
EndProject
Project("{9A19103F-16F7-4668-BE54-9A1E7A4F7556}") = "teach", "week03\teach\teach.csproj", "{FDB33BA2-A3E5-4E13-AE0A-BB70C3F92BA0}"
EndProject
Project("{2150E333-8FDC-42A3-9474-1A3956D46DE8}") = "week04", "week04", "{0BB600C7-F3EA-4103-B77E-01F2A4F3E7C2}"
EndProject
Project("{9A19103F-16F7-4668-BE54-9A1E7A4F7556}") = "code", "week04\code\code.csproj", "{68ECAF08-C32A-40F8-B06E-CA200A103A24}"
EndProject
Project("{2150E333-8FDC-42A3-9474-1A3956D46DE8}") = "week05", "week05", "{48F4233B-54B1-4F42-95DE-35D76BF57327}"
EndProject
Project("{9A19103F-16F7-4668-BE54-9A1E7A4F7556}") = "code", "week05\code\code.csproj", "{3CD06D0D-C9F6-42D7-BE1F-78DC1772430C}"
EndProject
Project("{2150E333-8FDC-42A3-9474-1A3956D46DE8}") = "week06", "week06", "{D18A08B9-46A3-4EBA-970D-995FC0CBA74B}"
EndProject
Project("{9A19103F-16F7-4668-BE54-9A1E7A4F7556}") = "code", "week06\code\code.csproj", "{44AD1350-123E-4E67-BDAD-4E1DEC86C33B}"
EndProject
Global
	GlobalSection(SolutionConfigurationPlatforms) = preSolution
		Debug|Any CPU = Debug|Any CPU
		Release|Any CPU = Release|Any CPU
	EndGlobalSection
	GlobalSection(ProjectConfigurationPlatforms) = postSolution
		{85FC8B4D-CBA6-41F8-B3E6-0BC1F872B75D}.Debug|Any CPU.ActiveCfg = Debug|Any CPU
		{85FC8B4D-CBA6-41F8-B3E6-0BC1F872B75D}.Debug|Any CPU.Build.0 = Debug|Any CPU
		{85FC8B4D-CBA6-41F8-B3E6-0BC1F872B75D}.Release|Any CPU.ActiveCfg = Release|Any CPU
		{85FC8B4D-CBA6-41F8-B3E6-0BC1F872B75D}.Release|Any CPU.Build.0 = Release|Any CPU
		{DCD038F9-5164-4772-84B7-F67A2B0B7161}.Debug|Any CPU.ActiveCfg = Debug|Any CPU
		{DCD038F9-5164-4772-84B7-F67A2B0B7161}.Debug|Any CPU.Build.0 = Debug|Any CPU
		{DCD038F9-5164-4772-84B7-F67A2B0B7161}.Release|Any CPU.ActiveCfg = Release|Any CPU
		{DCD038F9-5164-4772-84B7-F67A2B0B7161}.Release|Any CPU.Build.0 = Release|Any CPU
		{5533AE14-6C0E-4D07-B64E-4C980BE83E6E}.Debug|Any CPU.ActiveCfg = Debug|Any CPU
		{5533AE14-6C0E-4D07-B64E-4C980BE83E6E}.Debug|Any CPU.Build.0 = Debug|Any CPU
		{5533AE14-6C0E-4D07-B64E-4C980BE83E6E}.Release|Any CPU.ActiveCfg = Release|Any CPU
		{5533AE14-6C0E-4D07-B64E-4C980BE83E6E}.Release|Any CPU.Build.0 = Release|Any CPU
		{693EC423-F5DF-47BF-A0F6-46F13EA999FD}.Debug|Any CPU.ActiveCfg = Debug|Any CPU
		{693EC423-F5DF-47BF-A0F6-46F13EA999FD}.Debug|Any CPU.Build.0 = Debug|Any CPU
		{693EC423-F5DF-47BF-A0F6-46F13EA999FD}.Release|Any CPU.ActiveCfg = Release|Any CPU
		{693EC423-F5DF-47BF-A0F6-46F13EA999FD}.Release|Any CPU.Build.0 = Release|Any CPU
		{4787A004-9BAF-4853-BC85-C68BA18D07BC}.Debug|Any CPU.ActiveCfg = Debug|Any CPU
		{4787A004-9BAF-4853-BC85-C68BA18D07BC}.Debug|Any CPU.Build.0 = Debug|Any CPU
		{4787A004-9BAF-4853-BC85-C68BA18D07BC}.Release|Any CPU.ActiveCfg = Release|Any CPU
		{4787A004-9BAF-4853-BC85-C68BA18D07BC}.Release|Any CPU.Build.0 = Release|Any CPU
		{0A1D1199-FEA4-4CA5-A073-2AFDA380F65C}.Debug|Any CPU.ActiveCfg = Debug|Any CPU
		{0A1D1199-FEA4-4CA5-A073-2AFDA380F65C}.Debug|Any CPU.Build.0 = Debug|Any CPU
		{0A1D1199-FEA4-4CA5-A073-2AFDA380F65C}.Release|Any CPU.ActiveCfg = Release|Any CPU
		{0A1D1199-FEA4-4CA5-A073-2AFDA380F65C}.Release|Any CPU.Build.0 = Release|Any CPU
		{042369CB-5F8A-4D77-AB1C-E7CE9C238E15}.Debug|Any CPU.ActiveCfg = Debug|Any CPU
		{042369CB-5F8A-4D77-AB1C-E7CE9C238E15}.Debug|Any CPU.Build.0 = Debug|Any CPU
		{042369CB-5F8A-4D77-AB1C-E7CE9C238E15}.Release|Any CPU.ActiveCfg = Release|Any CPU
		{042369CB-5F8A-4D77-AB1C-E7CE9C238E15}.Release|Any CPU.Build.0 = Release|Any CPU
		{07FE66BF-5345-495A-8FD9-8F064E873503}.Debug|Any CPU.ActiveCfg = Debug|Any CPU
		{07FE66BF-5345-495A-8FD9-8F064E873503}.Debug|Any CPU.Build.0 = Debug|Any CPU
		{07FE66BF-5345-495A-8FD9-8F064E873503}.Release|Any CPU.ActiveCfg = Release|Any CPU
		{07FE66BF-5345-495A-8FD9-8F064E873503}.Release|Any CPU.Build.0 = Release|Any CPU
		{3B3CEAFA-1047-4494-AFD9-A430F7181EB9}.Debug|Any CPU.ActiveCfg = Debug|Any CPU
		{3B3CEAFA-1047-4494-AFD9-A430F7181EB9}.Debug|Any CPU.Build.0 = Debug|Any CPU
		{3B3CEAFA-1047-4494-AFD9-A430F7181EB9}.Release|Any CPU.ActiveCfg = Release|Any CPU
		{3B3CEAFA-1047-4494-AFD9-A430F7181EB9}.Release|Any CPU.Build.0 = Release|Any CPU
		{02F14E71-52D3-48B7-8AA3-D06452737CEB}.Debug|Any CPU.ActiveCfg = Debug|Any CPU
		{02F14E71-52D3-48B7-8AA3-D06452737CEB}.Debug|Any CPU.Build.0 = Debug|Any CPU
		{02F14E71-52D3-48B7-8AA3-D06452737CEB}.Release|Any CPU.ActiveCfg = Release|Any CPU
		{02F14E71-52D3-48B7-8AA3-D06452737CEB}.Release|Any CPU.Build.0 = Release|Any CPU
		{FDB33BA2-A3E5-4E13-AE0A-BB70C3F92BA0}.Debug|Any CPU.ActiveCfg = Debug|Any CPU
		{FDB33BA2-A3E5-4E13-AE0A-BB70C3F92BA0}.Debug|Any CPU.Build.0 = Debug|Any CPU
		{FDB33BA2-A3E5-4E13-AE0A-BB70C3F92BA0}.Release|Any CPU.ActiveCfg = Release|Any CPU
		{FDB33BA2-A3E5-4E13-AE0A-BB70C3F92BA0}.Release|Any CPU.Build.0 = Release|Any CPU
		{68ECAF08-C32A-40F8-B06E-CA200A103A24}.Debug|Any CPU.ActiveCfg = Debug|Any CPU
		{68ECAF08-C32A-40F8-B06E-CA200A103A24}.Debug|Any CPU.Build.0 = Debug|Any CPU
		{68ECAF08-C32A-40F8-B06E-CA200A103A24}.Release|Any CPU.ActiveCfg = Release|Any CPU
		{68ECAF08-C32A-40F8-B06E-CA200A103A24}.Release|Any CPU.Build.0 = Release|Any CPU
		{3CD06D0D-C9F6-42D7-BE1F-78DC1772430C}.Debug|Any CPU.ActiveCfg = Debug|Any CPU
		{3CD06D0D-C9F6-42D7-BE1F-78DC1772430C}.Debug|Any CPU.Build.0 = Debug|Any CPU
		{3CD06D0D-C9F6-42D7-BE1F-78DC1772430C}.Release|Any CPU.ActiveCfg = Release|Any CPU
		{3CD06D0D-C9F6-42D7-BE1F-78DC1772430C}.Release|Any CPU.Build.0 = Release|Any CPU
		{44AD1350-123E-4E67-BDAD-4E1DEC86C33B}.Debug|Any CPU.ActiveCfg = Debug|Any CPU
		{44AD1350-123E-4E67-BDAD-4E1DEC86C33B}.Debug|Any CPU.Build.0 = Debug|Any CPU
		{44AD1350-123E-4E67-BDAD-4E1DEC86C33B}.Release|Any CPU.ActiveCfg = Release|Any CPU
		{44AD1350-123E-4E67-BDAD-4E1DEC86C33B}.Release|Any CPU.Build.0 = Release|Any CPU
	EndGlobalSection
	GlobalSection(SolutionProperties) = preSolution
		HideSolutionNode = FALSE
	EndGlobalSection
	GlobalSection(NestedProjects) = preSolution
		{85FC8B4D-CBA6-41F8-B3E6-0BC1F872B75D} = {D6E539B4-A955-4608-B0E6-F17588FA12F6}
		{DCD038F9-5164-4772-84B7-F67A2B0B7161} = {9DC5E8E2-CAD0-43C3-83A9-F0A7DDBB1F17}
		{5533AE14-6C0E-4D07-B64E-4C980BE83E6E} = {9DC5E8E2-CAD0-43C3-83A9-F0A7DDBB1F17}
		{693EC423-F5DF-47BF-A0F6-46F13EA999FD} = {9DC5E8E2-CAD0-43C3-83A9-F0A7DDBB1F17}
		{4787A004-9BAF-4853-BC85-C68BA18D07BC} = {D82F9966-A9E2-4803-A433-226446610BB7}
		{0A1D1199-FEA4-4CA5-A073-2AFDA380F65C} = {D82F9966-A9E2-4803-A433-226446610BB7}
		{042369CB-5F8A-4D77-AB1C-E7CE9C238E15} = {D82F9966-A9E2-4803-A433-226446610BB7}
		{07FE66BF-5345-495A-8FD9-8F064E873503} = {D82F9966-A9E2-4803-A433-226446610BB7}
		{3B3CEAFA-1047-4494-AFD9-A430F7181EB9} = {137AF7CF-3E90-4414-89FE-D33ACAAFEF0B}
		{02F14E71-52D3-48B7-8AA3-D06452737CEB} = {137AF7CF-3E90-4414-89FE-D33ACAAFEF0B}
		{FDB33BA2-A3E5-4E13-AE0A-BB70C3F92BA0} = {137AF7CF-3E90-4414-89FE-D33ACAAFEF0B}
		{68ECAF08-C32A-40F8-B06E-CA200A103A24} = {0BB600C7-F3EA-4103-B77E-01F2A4F3E7C2}
		{3CD06D0D-C9F6-42D7-BE1F-78DC1772430C} = {48F4233B-54B1-4F42-95DE-35D76BF57327}
		{44AD1350-123E-4E67-BDAD-4E1DEC86C33B} = {D18A08B9-46A3-4EBA-970D-995FC0CBA74B}
	EndGlobalSection
	GlobalSection(ExtensibilityGlobals) = postSolution
		SolutionGuid = {9DFB8E30-B7FE-4BF7-BD5E-2377CB31646D}
	EndGlobalSection
EndGlobal
